{
  "requires": true,
  "lockfileVersion": 1,
  "dependencies": {
    "commander": {
      "version": "2.20.0",
      "resolved": "http://118.112.188.108:9071/commander/download/commander-2.20.0.tgz",
      "integrity": "sha1-1YuytcHuj4ew00ACfp6U4iLFpCI=",
      "dev": true
    },
    "echarts": {
      "version": "4.2.1",
      "resolved": "http://118.112.188.108:9071/echarts/download/echarts-4.2.1.tgz",
      "integrity": "sha1-mo6jsDNU+G+CTZdiXDNM8Wll7wM=",
      "requires": {
        "zrender": "4.0.7"
      }
    },
    "mockjs": {
      "version": "1.0.1-beta3",
      "resolved": "http://118.112.188.108:9071/mockjs/download/mockjs-1.0.1-beta3.tgz",
      "integrity": "sha1-0jTzwnJWOXVk8slVFC6JGQlTcgk=",
      "dev": true,
      "requires": {
        "commander": "2.20.0"
      }
    },
    "zrender": {
      "version": "4.0.7",
      "resolved": "http://118.112.188.108:9071/zrender/download/zrender-4.0.7.tgz",
      "integrity": "sha1-Fa6WCCL17+1BCZXTflEH/j3hDm0="
    }
  }
}
